
Microsoft Visual Studio Solution File, Format Version 12.00
# Visual Studio Version 17
VisualStudioVersion = 17.2.32616.157
MinimumVisualStudioVersion = 10.0.40219.1
Project("{2150E333-8FDC-42A3-9474-1A3956D46DE8}") = "0 - outros", "0 - outros", "{DC13C9C4-7ED2-4A9D-BA51-50D0AA68723C}"
	ProjectSection(SolutionItems) = preProject
		.gitignore = .gitignore
		Dockerfile = Dockerfile
		LICENSE = LICENSE
		README.md = README.md
	EndProjectSection
EndProject
Project("{9A19103F-16F7-4668-BE54-9A1E7A4F7556}") = "CorrecoesMgr.Domain", "CorrecoesMgr.Domain\CorrecoesMgr.Domain.csproj", "{F066DF75-EE23-4011-B478-FA55EE6E7F7D}"
EndProject
Project("{9A19103F-16F7-4668-BE54-9A1E7A4F7556}") = "CorrecoesMgr.Infra", "CorrecoesMgr.Infra\CorrecoesMgr.Infra.csproj", "{ACCEF414-0ECA-4898-B647-215C744AD9F0}"
EndProject
Project("{9A19103F-16F7-4668-BE54-9A1E7A4F7556}") = "CorrecoesMgr.Api", "CorrecoesMgr.Api\CorrecoesMgr.Api.csproj", "{74D7AA25-B106-4858-B18A-0223DBF83D7E}"
EndProject
Global
	GlobalSection(SolutionConfigurationPlatforms) = preSolution
		Debug|Any CPU = Debug|Any CPU
		Release|Any CPU = Release|Any CPU
	EndGlobalSection
	GlobalSection(ProjectConfigurationPlatforms) = postSolution
		{F066DF75-EE23-4011-B478-FA55EE6E7F7D}.Debug|Any CPU.ActiveCfg = Debug|Any CPU
		{F066DF75-EE23-4011-B478-FA55EE6E7F7D}.Debug|Any CPU.Build.0 = Debug|Any CPU
		{F066DF75-EE23-4011-B478-FA55EE6E7F7D}.Release|Any CPU.ActiveCfg = Release|Any CPU
		{F066DF75-EE23-4011-B478-FA55EE6E7F7D}.Release|Any CPU.Build.0 = Release|Any CPU
		{ACCEF414-0ECA-4898-B647-215C744AD9F0}.Debug|Any CPU.ActiveCfg = Debug|Any CPU
		{ACCEF414-0ECA-4898-B647-215C744AD9F0}.Debug|Any CPU.Build.0 = Debug|Any CPU
		{ACCEF414-0ECA-4898-B647-215C744AD9F0}.Release|Any CPU.ActiveCfg = Release|Any CPU
		{ACCEF414-0ECA-4898-B647-215C744AD9F0}.Release|Any CPU.Build.0 = Release|Any CPU
		{74D7AA25-B106-4858-B18A-0223DBF83D7E}.Debug|Any CPU.ActiveCfg = Debug|Any CPU
		{74D7AA25-B106-4858-B18A-0223DBF83D7E}.Debug|Any CPU.Build.0 = Debug|Any CPU
		{74D7AA25-B106-4858-B18A-0223DBF83D7E}.Release|Any CPU.ActiveCfg = Release|Any CPU
		{74D7AA25-B106-4858-B18A-0223DBF83D7E}.Release|Any CPU.Build.0 = Release|Any CPU
	EndGlobalSection
	GlobalSection(SolutionProperties) = preSolution
		HideSolutionNode = FALSE
	EndGlobalSection
	GlobalSection(ExtensibilityGlobals) = postSolution
		SolutionGuid = {8F417CCC-EF9B-4277-9A1E-EC279BD760BB}
	EndGlobalSection
EndGlobal
