
Microsoft Visual Studio Solution File, Format Version 12.00
# Visual Studio Version 17
VisualStudioVersion = 17.2.32616.157
MinimumVisualStudioVersion = 10.0.40219.1
Project("{9A19103F-16F7-4668-BE54-9A1E7A4F7556}") = "CorrecoesMgr.Api", "CorrecoesMgr.Api\CorrecoesMgr.Api.csproj", "{1C2A9FDC-4E85-45B9-B98A-8F8F0BF459B5}"
EndProject
Project("{2150E333-8FDC-42A3-9474-1A3956D46DE8}") = "0 - outros", "0 - outros", "{DC13C9C4-7ED2-4A9D-BA51-50D0AA68723C}"
	ProjectSection(SolutionItems) = preProject
		.gitignore = .gitignore
		LICENSE = LICENSE
		README.md = README.md
	EndProjectSection
EndProject
Global
	GlobalSection(SolutionConfigurationPlatforms) = preSolution
		Debug|Any CPU = Debug|Any CPU
		Release|Any CPU = Release|Any CPU
	EndGlobalSection
	GlobalSection(ProjectConfigurationPlatforms) = postSolution
		{1C2A9FDC-4E85-45B9-B98A-8F8F0BF459B5}.Debug|Any CPU.ActiveCfg = Debug|Any CPU
		{1C2A9FDC-4E85-45B9-B98A-8F8F0BF459B5}.Debug|Any CPU.Build.0 = Debug|Any CPU
		{1C2A9FDC-4E85-45B9-B98A-8F8F0BF459B5}.Release|Any CPU.ActiveCfg = Release|Any CPU
		{1C2A9FDC-4E85-45B9-B98A-8F8F0BF459B5}.Release|Any CPU.Build.0 = Release|Any CPU
	EndGlobalSection
	GlobalSection(SolutionProperties) = preSolution
		HideSolutionNode = FALSE
	EndGlobalSection
	GlobalSection(ExtensibilityGlobals) = postSolution
		SolutionGuid = {8F417CCC-EF9B-4277-9A1E-EC279BD760BB}
	EndGlobalSection
EndGlobal
